// !$*UTF8*$!
{
	archiveVersion = 1;
	classes = {
	};
	objectVersion = 46;
	objects = {

/* Begin PBXBuildFile section */
		4C642D201D743A8A00840D77 /* 5.jpg in Resources */ = {isa = PBXBuildFile; fileRef = 4C642D1B1D743A8A00840D77 /* 5.jpg */; };
		4C642D211D743A8A00840D77 /* 2.jpg in Resources */ = {isa = PBXBuildFile; fileRef = 4C642D1C1D743A8A00840D77 /* 2.jpg */; };
		4C642D221D743A8A00840D77 /* 3.png in Resources */ = {isa = PBXBuildFile; fileRef = 4C642D1D1D743A8A00840D77 /* 3.png */; };
		4C642D231D743A8A00840D77 /* 4.jpg in Resources */ = {isa = PBXBuildFile; fileRef = 4C642D1E1D743A8A00840D77 /* 4.jpg */; };
		4C642D241D743A8A00840D77 /* 1.jpg in Resources */ = {isa = PBXBuildFile; fileRef = 4C642D1F1D743A8A00840D77 /* 1.jpg */; };
		4C642D2A1D743E6B00840D77 /* 5.jpg in Resources */ = {isa = PBXBuildFile; fileRef = 4C642D1B1D743A8A00840D77 /* 5.jpg */; };
		4C642D2B1D743E6B00840D77 /* 2.jpg in Resources */ = {isa = PBXBuildFile; fileRef = 4C642D1C1D743A8A00840D77 /* 2.jpg */; };
		4C642D2C1D743E6B00840D77 /* 3.png in Resources */ = {isa = PBXBuildFile; fileRef = 4C642D1D1D743A8A00840D77 /* 3.png */; };
		4C642D2D1D743E6B00840D77 /* 4.jpg in Resources */ = {isa = PBXBuildFile; fileRef = 4C642D1E1D743A8A00840D77 /* 4.jpg */; };
		4C642D2E1D743E6B00840D77 /* 1.jpg in Resources */ = {isa = PBXBuildFile; fileRef = 4C642D1F1D743A8A00840D77 /* 1.jpg */; };
		4C642D301D74489800840D77 /* CoreImage.framework in Frameworks */ = {isa = PBXBuildFile; fileRef = 4C642D2F1D74489800840D77 /* CoreImage.framework */; };
		4C847D901D73465000CF0C99 /* AppDelegate.swift in Sources */ = {isa = PBXBuildFile; fileRef = 4C847D8F1D73465000CF0C99 /* AppDelegate.swift */; };
		4C847D921D73465000CF0C99 /* ViewController.swift in Sources */ = {isa = PBXBuildFile; fileRef = 4C847D911D73465000CF0C99 /* ViewController.swift */; };
		4C847D951D73465000CF0C99 /* Main.storyboard in Resources */ = {isa = PBXBuildFile; fileRef = 4C847D931D73465000CF0C99 /* Main.storyboard */; };
		4C847D971D73465000CF0C99 /* Assets.xcassets in Resources */ = {isa = PBXBuildFile; fileRef = 4C847D961D73465000CF0C99 /* Assets.xcassets */; };
		4C847D9A1D73465000CF0C99 /* LaunchScreen.storyboard in Resources */ = {isa = PBXBuildFile; fileRef = 4C847D981D73465000CF0C99 /* LaunchScreen.storyboard */; };
		4C847DA51D73465000CF0C99 /* ExampleTests.swift in Sources */ = {isa = PBXBuildFile; fileRef = 4C847DA41D73465000CF0C99 /* ExampleTests.swift */; };
		4C847DB11D734C2E00CF0C99 /* UIImage+Resize.swift in Sources */ = {isa = PBXBuildFile; fileRef = 4C847DB01D734C2E00CF0C99 /* UIImage+Resize.swift */; };
		4CA2FA771D74B950008264B3 /* 6.jpg in Resources */ = {isa = PBXBuildFile; fileRef = 4CA2FA761D74B950008264B3 /* 6.jpg */; };
		4CA2FA781D74BA8A008264B3 /* 6.jpg in Resources */ = {isa = PBXBuildFile; fileRef = 4CA2FA761D74B950008264B3 /* 6.jpg */; };
/* End PBXBuildFile section */

/* Begin PBXContainerItemProxy section */
		4C847DA11D73465000CF0C99 /* PBXContainerItemProxy */ = {
			isa = PBXContainerItemProxy;
			containerPortal = 4C847D841D73464F00CF0C99 /* Project object */;
			proxyType = 1;
			remoteGlobalIDString = 4C847D8B1D73464F00CF0C99;
			remoteInfo = Example;
		};
/* End PBXContainerItemProxy section */

/* Begin PBXFileReference section */
		4C642D1B1D743A8A00840D77 /* 5.jpg */ = {isa = PBXFileReference; lastKnownFileType = image.jpeg; path = 5.jpg; sourceTree = "<group>"; };
		4C642D1C1D743A8A00840D77 /* 2.jpg */ = {isa = PBXFileReference; lastKnownFileType = image.jpeg; path = 2.jpg; sourceTree = "<group>"; };
		4C642D1D1D743A8A00840D77 /* 3.png */ = {isa = PBXFileReference; lastKnownFileType = image.png; path = 3.png; sourceTree = "<group>"; };
		4C642D1E1D743A8A00840D77 /* 4.jpg */ = {isa = PBXFileReference; lastKnownFileType = image.jpeg; path = 4.jpg; sourceTree = "<group>"; };
		4C642D1F1D743A8A00840D77 /* 1.jpg */ = {isa = PBXFileReference; lastKnownFileType = image.jpeg; path = 1.jpg; sourceTree = "<group>"; };
		4C642D2F1D74489800840D77 /* CoreImage.framework */ = {isa = PBXFileReference; lastKnownFileType = wrapper.framework; name = CoreImage.framework; path = System/Library/Frameworks/CoreImage.framework; sourceTree = SDKROOT; };
		4C847D8C1D73464F00CF0C99 /* Example.app */ = {isa = PBXFileReference; explicitFileType = wrapper.application; includeInIndex = 0; path = Example.app; sourceTree = BUILT_PRODUCTS_DIR; };
		4C847D8F1D73465000CF0C99 /* AppDelegate.swift */ = {isa = PBXFileReference; lastKnownFileType = sourcecode.swift; path = AppDelegate.swift; sourceTree = "<group>"; };
		4C847D911D73465000CF0C99 /* ViewController.swift */ = {isa = PBXFileReference; lastKnownFileType = sourcecode.swift; path = ViewController.swift; sourceTree = "<group>"; };
		4C847D941D73465000CF0C99 /* Base */ = {isa = PBXFileReference; lastKnownFileType = file.storyboard; name = Base; path = Base.lproj/Main.storyboard; sourceTree = "<group>"; };
		4C847D961D73465000CF0C99 /* Assets.xcassets */ = {isa = PBXFileReference; lastKnownFileType = folder.assetcatalog; path = Assets.xcassets; sourceTree = "<group>"; };
		4C847D991D73465000CF0C99 /* Base */ = {isa = PBXFileReference; lastKnownFileType = file.storyboard; name = Base; path = Base.lproj/LaunchScreen.storyboard; sourceTree = "<group>"; };
		4C847D9B1D73465000CF0C99 /* Info.plist */ = {isa = PBXFileReference; lastKnownFileType = text.plist.xml; path = Info.plist; sourceTree = "<group>"; };
		4C847DA01D73465000CF0C99 /* ExampleTests.xctest */ = {isa = PBXFileReference; explicitFileType = wrapper.cfbundle; includeInIndex = 0; path = ExampleTests.xctest; sourceTree = BUILT_PRODUCTS_DIR; };
		4C847DA41D73465000CF0C99 /* ExampleTests.swift */ = {isa = PBXFileReference; lastKnownFileType = sourcecode.swift; path = ExampleTests.swift; sourceTree = "<group>"; };
		4C847DA61D73465000CF0C99 /* Info.plist */ = {isa = PBXFileReference; lastKnownFileType = text.plist.xml; path = Info.plist; sourceTree = "<group>"; };
		4C847DB01D734C2E00CF0C99 /* UIImage+Resize.swift */ = {isa = PBXFileReference; fileEncoding = 4; lastKnownFileType = sourcecode.swift; name = "UIImage+Resize.swift"; path = "../../UIImage+Resize.swift"; sourceTree = "<group>"; };
		4CA2FA761D74B950008264B3 /* 6.jpg */ = {isa = PBXFileReference; lastKnownFileType = image.jpeg; path = 6.jpg; sourceTree = "<group>"; };
/* End PBXFileReference section */

/* Begin PBXFrameworksBuildPhase section */
		4C847D891D73464F00CF0C99 /* Frameworks */ = {
			isa = PBXFrameworksBuildPhase;
			buildActionMask = 2147483647;
			files = (
				4C642D301D74489800840D77 /* CoreImage.framework in Frameworks */,
			);
			runOnlyForDeploymentPostprocessing = 0;
		};
		4C847D9D1D73465000CF0C99 /* Frameworks */ = {
			isa = PBXFrameworksBuildPhase;
			buildActionMask = 2147483647;
			files = (
			);
			runOnlyForDeploymentPostprocessing = 0;
		};
/* End PBXFrameworksBuildPhase section */

/* Begin PBXGroup section */
		4C642D1A1D743A8A00840D77 /* Reference */ = {
			isa = PBXGroup;
			children = (
				4CA2FA761D74B950008264B3 /* 6.jpg */,
				4C642D1B1D743A8A00840D77 /* 5.jpg */,
				4C642D1C1D743A8A00840D77 /* 2.jpg */,
				4C642D1D1D743A8A00840D77 /* 3.png */,
				4C642D1E1D743A8A00840D77 /* 4.jpg */,
				4C642D1F1D743A8A00840D77 /* 1.jpg */,
			);
			name = Reference;
			path = ../../Reference;
			sourceTree = "<group>";
		};
		4C847D831D73464F00CF0C99 = {
			isa = PBXGroup;
			children = (
				4C847D8E1D73465000CF0C99 /* Example */,
				4C847DA31D73465000CF0C99 /* ExampleTests */,
				4C847D8D1D73464F00CF0C99 /* Products */,
			);
			sourceTree = "<group>";
		};
		4C847D8D1D73464F00CF0C99 /* Products */ = {
			isa = PBXGroup;
			children = (
				4C847D8C1D73464F00CF0C99 /* Example.app */,
				4C847DA01D73465000CF0C99 /* ExampleTests.xctest */,
			);
			name = Products;
			sourceTree = "<group>";
		};
		4C847D8E1D73465000CF0C99 /* Example */ = {
			isa = PBXGroup;
			children = (
				4C847DAF1D734C2400CF0C99 /* Categories */,
				4C847D8F1D73465000CF0C99 /* AppDelegate.swift */,
				4C847D911D73465000CF0C99 /* ViewController.swift */,
				4C847D931D73465000CF0C99 /* Main.storyboard */,
				4C847D961D73465000CF0C99 /* Assets.xcassets */,
				4C847D981D73465000CF0C99 /* LaunchScreen.storyboard */,
				4C847D9B1D73465000CF0C99 /* Info.plist */,
				4C642D2F1D74489800840D77 /* CoreImage.framework */,
			);
			path = Example;
			sourceTree = "<group>";
		};
		4C847DA31D73465000CF0C99 /* ExampleTests */ = {
			isa = PBXGroup;
			children = (
				4C642D1A1D743A8A00840D77 /* Reference */,
				4C847DA41D73465000CF0C99 /* ExampleTests.swift */,
				4C847DA61D73465000CF0C99 /* Info.plist */,
			);
			path = ExampleTests;
			sourceTree = "<group>";
		};
		4C847DAF1D734C2400CF0C99 /* Categories */ = {
			isa = PBXGroup;
			children = (
				4C847DB01D734C2E00CF0C99 /* UIImage+Resize.swift */,
			);
			name = Categories;
			sourceTree = "<group>";
		};
/* End PBXGroup section */

/* Begin PBXNativeTarget section */
		4C847D8B1D73464F00CF0C99 /* Example */ = {
			isa = PBXNativeTarget;
			buildConfigurationList = 4C847DA91D73465000CF0C99 /* Build configuration list for PBXNativeTarget "Example" */;
			buildPhases = (
				4C847D881D73464F00CF0C99 /* Sources */,
				4C847D891D73464F00CF0C99 /* Frameworks */,
				4C847D8A1D73464F00CF0C99 /* Resources */,
			);
			buildRules = (
			);
			dependencies = (
			);
			name = Example;
			productName = Example;
			productReference = 4C847D8C1D73464F00CF0C99 /* Example.app */;
			productType = "com.apple.product-type.application";
		};
		4C847D9F1D73465000CF0C99 /* ExampleTests */ = {
			isa = PBXNativeTarget;
			buildConfigurationList = 4C847DAC1D73465000CF0C99 /* Build configuration list for PBXNativeTarget "ExampleTests" */;
			buildPhases = (
				4C847D9C1D73465000CF0C99 /* Sources */,
				4C847D9D1D73465000CF0C99 /* Frameworks */,
				4C847D9E1D73465000CF0C99 /* Resources */,
			);
			buildRules = (
			);
			dependencies = (
				4C847DA21D73465000CF0C99 /* PBXTargetDependency */,
			);
			name = ExampleTests;
			productName = ExampleTests;
			productReference = 4C847DA01D73465000CF0C99 /* ExampleTests.xctest */;
			productType = "com.apple.product-type.bundle.unit-test";
		};
/* End PBXNativeTarget section */

/* Begin PBXProject section */
		4C847D841D73464F00CF0C99 /* Project object */ = {
			isa = PBXProject;
			attributes = {
				LastSwiftUpdateCheck = 0710;
				LastUpgradeCheck = 0710;
				ORGANIZATIONNAME = "Y Media Labs";
				TargetAttributes = {
					4C847D8B1D73464F00CF0C99 = {
						CreatedOnToolsVersion = 7.1;
					};
					4C847D9F1D73465000CF0C99 = {
						CreatedOnToolsVersion = 7.1;
						TestTargetID = 4C847D8B1D73464F00CF0C99;
					};
				};
			};
			buildConfigurationList = 4C847D871D73464F00CF0C99 /* Build configuration list for PBXProject "Example" */;
			compatibilityVersion = "Xcode 3.2";
			developmentRegion = English;
			hasScannedForEncodings = 0;
			knownRegions = (
				en,
				Base,
			);
			mainGroup = 4C847D831D73464F00CF0C99;
			productRefGroup = 4C847D8D1D73464F00CF0C99 /* Products */;
			projectDirPath = "";
			projectRoot = "";
			targets = (
				4C847D8B1D73464F00CF0C99 /* Example */,
				4C847D9F1D73465000CF0C99 /* ExampleTests */,
			);
		};
/* End PBXProject section */

/* Begin PBXResourcesBuildPhase section */
		4C847D8A1D73464F00CF0C99 /* Resources */ = {
			isa = PBXResourcesBuildPhase;
			buildActionMask = 2147483647;
			files = (
				4CA2FA781D74BA8A008264B3 /* 6.jpg in Resources */,
				4C642D2A1D743E6B00840D77 /* 5.jpg in Resources */,
				4C642D2B1D743E6B00840D77 /* 2.jpg in Resources */,
				4C642D2C1D743E6B00840D77 /* 3.png in Resources */,
				4C642D2D1D743E6B00840D77 /* 4.jpg in Resources */,
				4C642D2E1D743E6B00840D77 /* 1.jpg in Resources */,
				4C847D9A1D73465000CF0C99 /* LaunchScreen.storyboard in Resources */,
				4C847D971D73465000CF0C99 /* Assets.xcassets in Resources */,
				4C847D951D73465000CF0C99 /* Main.storyboard in Resources */,
			);
			runOnlyForDeploymentPostprocessing = 0;
		};
		4C847D9E1D73465000CF0C99 /* Resources */ = {
			isa = PBXResourcesBuildPhase;
			buildActionMask = 2147483647;
			files = (
				4CA2FA771D74B950008264B3 /* 6.jpg in Resources */,
				4C642D201D743A8A00840D77 /* 5.jpg in Resources */,
				4C642D221D743A8A00840D77 /* 3.png in Resources */,
				4C642D231D743A8A00840D77 /* 4.jpg in Resources */,
				4C642D211D743A8A00840D77 /* 2.jpg in Resources */,
				4C642D241D743A8A00840D77 /* 1.jpg in Resources */,
			);
			runOnlyForDeploymentPostprocessing = 0;
		};
/* End PBXResourcesBuildPhase section */

/* Begin PBXSourcesBuildPhase section */
		4C847D881D73464F00CF0C99 /* Sources */ = {
			isa = PBXSourcesBuildPhase;
			buildActionMask = 2147483647;
			files = (
				4C847D921D73465000CF0C99 /* ViewController.swift in Sources */,
				4C847D901D73465000CF0C99 /* AppDelegate.swift in Sources */,
				4C847DB11D734C2E00CF0C99 /* UIImage+Resize.swift in Sources */,
			);
			runOnlyForDeploymentPostprocessing = 0;
		};
		4C847D9C1D73465000CF0C99 /* Sources */ = {
			isa = PBXSourcesBuildPhase;
			buildActionMask = 2147483647;
			files = (
				4C847DA51D73465000CF0C99 /* ExampleTests.swift in Sources */,
			);
			runOnlyForDeploymentPostprocessing = 0;
		};
/* End PBXSourcesBuildPhase section */

/* Begin PBXTargetDependency section */
		4C847DA21D73465000CF0C99 /* PBXTargetDependency */ = {
			isa = PBXTargetDependency;
			target = 4C847D8B1D73464F00CF0C99 /* Example */;
			targetProxy = 4C847DA11D73465000CF0C99 /* PBXContainerItemProxy */;
		};
/* End PBXTargetDependency section */

/* Begin PBXVariantGroup section */
		4C847D931D73465000CF0C99 /* Main.storyboard */ = {
			isa = PBXVariantGroup;
			children = (
				4C847D941D73465000CF0C99 /* Base */,
			);
			name = Main.storyboard;
			sourceTree = "<group>";
		};
		4C847D981D73465000CF0C99 /* LaunchScreen.storyboard */ = {
			isa = PBXVariantGroup;
			children = (
				4C847D991D73465000CF0C99 /* Base */,
			);
			name = LaunchScreen.storyboard;
			sourceTree = "<group>";
		};
/* End PBXVariantGroup section */

/* Begin XCBuildConfiguration section */
		4C847DA71D73465000CF0C99 /* Debug */ = {
			isa = XCBuildConfiguration;
			buildSettings = {
				ALWAYS_SEARCH_USER_PATHS = NO;
				CLANG_CXX_LANGUAGE_STANDARD = "gnu++0x";
				CLANG_CXX_LIBRARY = "libc++";
				CLANG_ENABLE_MODULES = YES;
				CLANG_ENABLE_OBJC_ARC = YES;
				CLANG_WARN_BOOL_CONVERSION = YES;
				CLANG_WARN_CONSTANT_CONVERSION = YES;
				CLANG_WARN_DIRECT_OBJC_ISA_USAGE = YES_ERROR;
				CLANG_WARN_EMPTY_BODY = YES;
				CLANG_WARN_ENUM_CONVERSION = YES;
				CLANG_WARN_INT_CONVERSION = YES;
				CLANG_WARN_OBJC_ROOT_CLASS = YES_ERROR;
				CLANG_WARN_UNREACHABLE_CODE = YES;
				CLANG_WARN__DUPLICATE_METHOD_MATCH = YES;
				"CODE_SIGN_IDENTITY[sdk=iphoneos*]" = "iPhone Developer";
				COPY_PHASE_STRIP = NO;
				DEBUG_INFORMATION_FORMAT = dwarf;
				ENABLE_STRICT_OBJC_MSGSEND = YES;
				ENABLE_TESTABILITY = YES;
				GCC_C_LANGUAGE_STANDARD = gnu99;
				GCC_DYNAMIC_NO_PIC = NO;
				GCC_NO_COMMON_BLOCKS = YES;
				GCC_OPTIMIZATION_LEVEL = 0;
				GCC_PREPROCESSOR_DEFINITIONS = (
					"DEBUG=1",
					"$(inherited)",
				);
				GCC_WARN_64_TO_32_BIT_CONVERSION = YES;
				GCC_WARN_ABOUT_RETURN_TYPE = YES_ERROR;
				GCC_WARN_UNDECLARED_SELECTOR = YES;
				GCC_WARN_UNINITIALIZED_AUTOS = YES_AGGRESSIVE;
				GCC_WARN_UNUSED_FUNCTION = YES;
				GCC_WARN_UNUSED_VARIABLE = YES;
				IPHONEOS_DEPLOYMENT_TARGET = 9.1;
				MTL_ENABLE_DEBUG_INFO = YES;
				ONLY_ACTIVE_ARCH = YES;
				SDKROOT = iphoneos;
				SWIFT_OPTIMIZATION_LEVEL = "-Onone";
			};
			name = Debug;
		};
		4C847DA81D73465000CF0C99 /* Release */ = {
			isa = XCBuildConfiguration;
			buildSettings = {
				ALWAYS_SEARCH_USER_PATHS = NO;
				CLANG_CXX_LANGUAGE_STANDARD = "gnu++0x";
				CLANG_CXX_LIBRARY = "libc++";
				CLANG_ENABLE_MODULES = YES;
				CLANG_ENABLE_OBJC_ARC = YES;
				CLANG_WARN_BOOL_CONVERSION = YES;
				CLANG_WARN_CONSTANT_CONVERSION = YES;
				CLANG_WARN_DIRECT_OBJC_ISA_USAGE = YES_ERROR;
				CLANG_WARN_EMPTY_BODY = YES;
				CLANG_WARN_ENUM_CONVERSION = YES;
				CLANG_WARN_INT_CONVERSION = YES;
				CLANG_WARN_OBJC_ROOT_CLASS = YES_ERROR;
				CLANG_WARN_UNREACHABLE_CODE = YES;
				CLANG_WARN__DUPLICATE_METHOD_MATCH = YES;
				"CODE_SIGN_IDENTITY[sdk=iphoneos*]" = "iPhone Developer";
				COPY_PHASE_STRIP = NO;
				DEBUG_INFORMATION_FORMAT = "dwarf-with-dsym";
				ENABLE_NS_ASSERTIONS = NO;
				ENABLE_STRICT_OBJC_MSGSEND = YES;
				GCC_C_LANGUAGE_STANDARD = gnu99;
				GCC_NO_COMMON_BLOCKS = YES;
				GCC_WARN_64_TO_32_BIT_CONVERSION = YES;
				GCC_WARN_ABOUT_RETURN_TYPE = YES_ERROR;
				GCC_WARN_UNDECLARED_SELECTOR = YES;
				GCC_WARN_UNINITIALIZED_AUTOS = YES_AGGRESSIVE;
				GCC_WARN_UNUSED_FUNCTION = YES;
				GCC_WARN_UNUSED_VARIABLE = YES;
				IPHONEOS_DEPLOYMENT_TARGET = 9.1;
				MTL_ENABLE_DEBUG_INFO = NO;
				SDKROOT = iphoneos;
				VALIDATE_PRODUCT = YES;
			};
			name = Release;
		};
		4C847DAA1D73465000CF0C99 /* Debug */ = {
			isa = XCBuildConfiguration;
			buildSettings = {
				ASSETCATALOG_COMPILER_APPICON_NAME = AppIcon;
				INFOPLIST_FILE = Example/Info.plist;
				LD_RUNPATH_SEARCH_PATHS = "$(inherited) @executable_path/Frameworks";
				PRODUCT_BUNDLE_IDENTIFIER = com.ymedialabs.Example;
				PRODUCT_NAME = "$(TARGET_NAME)";
			};
			name = Debug;
		};
		4C847DAB1D73465000CF0C99 /* Release */ = {
			isa = XCBuildConfiguration;
			buildSettings = {
				ASSETCATALOG_COMPILER_APPICON_NAME = AppIcon;
				INFOPLIST_FILE = Example/Info.plist;
				LD_RUNPATH_SEARCH_PATHS = "$(inherited) @executable_path/Frameworks";
				PRODUCT_BUNDLE_IDENTIFIER = com.ymedialabs.Example;
				PRODUCT_NAME = "$(TARGET_NAME)";
			};
			name = Release;
		};
		4C847DAD1D73465000CF0C99 /* Debug */ = {
			isa = XCBuildConfiguration;
			buildSettings = {
				BUNDLE_LOADER = "$(TEST_HOST)";
				INFOPLIST_FILE = ExampleTests/Info.plist;
				LD_RUNPATH_SEARCH_PATHS = "$(inherited) @executable_path/Frameworks @loader_path/Frameworks";
				PRODUCT_BUNDLE_IDENTIFIER = com.ymedialabs.ExampleTests;
				PRODUCT_NAME = "$(TARGET_NAME)";
				TEST_HOST = "$(BUILT_PRODUCTS_DIR)/Example.app/Example";
			};
			name = Debug;
		};
		4C847DAE1D73465000CF0C99 /* Release */ = {
			isa = XCBuildConfiguration;
			buildSettings = {
				BUNDLE_LOADER = "$(TEST_HOST)";
				INFOPLIST_FILE = ExampleTests/Info.plist;
				LD_RUNPATH_SEARCH_PATHS = "$(inherited) @executable_path/Frameworks @loader_path/Frameworks";
				PRODUCT_BUNDLE_IDENTIFIER = com.ymedialabs.ExampleTests;
				PRODUCT_NAME = "$(TARGET_NAME)";
				TEST_HOST = "$(BUILT_PRODUCTS_DIR)/Example.app/Example";
			};
			name = Release;
		};
/* End XCBuildConfiguration section */

/* Begin XCConfigurationList section */
		4C847D871D73464F00CF0C99 /* Build configuration list for PBXProject "Example" */ = {
			isa = XCConfigurationList;
			buildConfigurations = (
				4C847DA71D73465000CF0C99 /* Debug */,
				4C847DA81D73465000CF0C99 /* Release */,
			);
			defaultConfigurationIsVisible = 0;
			defaultConfigurationName = Release;
		};
		4C847DA91D73465000CF0C99 /* Build configuration list for PBXNativeTarget "Example" */ = {
			isa = XCConfigurationList;
			buildConfigurations = (
				4C847DAA1D73465000CF0C99 /* Debug */,
				4C847DAB1D73465000CF0C99 /* Release */,
			);
			defaultConfigurationIsVisible = 0;
			defaultConfigurationName = Release;
		};
		4C847DAC1D73465000CF0C99 /* Build configuration list for PBXNativeTarget "ExampleTests" */ = {
			isa = XCConfigurationList;
			buildConfigurations = (
				4C847DAD1D73465000CF0C99 /* Debug */,
				4C847DAE1D73465000CF0C99 /* Release */,
			);
			defaultConfigurationIsVisible = 0;
			defaultConfigurationName = Release;
		};
/* End XCConfigurationList section */
	};
	rootObject = 4C847D841D73464F00CF0C99 /* Project object */;
}
